
Microsoft Visual Studio Solution File, Format Version 12.00
# Visual Studio Version 16
VisualStudioVersion = 16.0.29009.5
MinimumVisualStudioVersion = 10.0.40219.1
Project("{FAE04EC0-301F-11D3-BF4B-00C04F79EFBC}") = "Core.ConsoleLogs", "Core.ConsoleLogs\Core.ConsoleLogs.csproj", "{00D28CF3-BB73-4FEB-B2DA-DFADB07A7462}"
EndProject
Project("{FAE04EC0-301F-11D3-BF4B-00C04F79EFBC}") = "Core.UsuallyCommon", "Core.UsuallyCommon\Core.UsuallyCommon.csproj", "{39223B10-099F-4E78-A4C3-4F11178080A5}"
EndProject
Project("{FAE04EC0-301F-11D3-BF4B-00C04F79EFBC}") = "Core.Tools", "Core.Tools\Core.Tools.csproj", "{5169497E-356C-4109-BA07-425F415C461D}"
EndProject
Project("{2150E333-8FDC-42A3-9474-1A3956D46DE8}") = "AppGenerarorCode", "AppGenerarorCode", "{27825E9E-4432-4282-81B3-A0800E190FB5}"
EndProject
Project("{FAE04EC0-301F-11D3-BF4B-00C04F79EFBC}") = "VsCodeGenerator", "VsCodeGenerator\VsCodeGenerator.csproj", "{33821363-7E9C-4DD3-AEE8-CCB9E698A783}"
EndProject
Project("{FAE04EC0-301F-11D3-BF4B-00C04F79EFBC}") = "Core.Tools.Migrations", "Core.Tools.Migrations\Core.Tools.Migrations.csproj", "{39A62ED9-E51D-49D6-8981-6740F898F7FB}"
EndProject
Project("{FAE04EC0-301F-11D3-BF4B-00C04F79EFBC}") = "Core.Generators", "Core.Generators\Core.Generators.csproj", "{5078C0C6-319B-4E14-9EC2-AD5619A22C4E}"
EndProject
Project("{FAE04EC0-301F-11D3-BF4B-00C04F79EFBC}") = "Intellisences", "Intellisences\Intellisences.csproj", "{23DA2B10-DF6D-4342-AE83-5F021A2A7B55}"
EndProject
Project("{FAE04EC0-301F-11D3-BF4B-00C04F79EFBC}") = "Core.Intellisences", "Core.Intellisences\Core.Intellisences.csproj", "{3D4D322B-ABC3-4B28-A66F-2830985D4B6E}"
EndProject
Global
	GlobalSection(SolutionConfigurationPlatforms) = preSolution
		Debug|Any CPU = Debug|Any CPU
		Debug|ARM = Debug|ARM
		Debug|ARM64 = Debug|ARM64
		Debug|x64 = Debug|x64
		Debug|x86 = Debug|x86
		Release|Any CPU = Release|Any CPU
		Release|ARM = Release|ARM
		Release|ARM64 = Release|ARM64
		Release|x64 = Release|x64
		Release|x86 = Release|x86
	EndGlobalSection
	GlobalSection(ProjectConfigurationPlatforms) = postSolution
		{00D28CF3-BB73-4FEB-B2DA-DFADB07A7462}.Debug|Any CPU.ActiveCfg = Debug|Any CPU
		{00D28CF3-BB73-4FEB-B2DA-DFADB07A7462}.Debug|Any CPU.Build.0 = Debug|Any CPU
		{00D28CF3-BB73-4FEB-B2DA-DFADB07A7462}.Debug|ARM.ActiveCfg = Debug|Any CPU
		{00D28CF3-BB73-4FEB-B2DA-DFADB07A7462}.Debug|ARM.Build.0 = Debug|Any CPU
		{00D28CF3-BB73-4FEB-B2DA-DFADB07A7462}.Debug|ARM64.ActiveCfg = Debug|Any CPU
		{00D28CF3-BB73-4FEB-B2DA-DFADB07A7462}.Debug|ARM64.Build.0 = Debug|Any CPU
		{00D28CF3-BB73-4FEB-B2DA-DFADB07A7462}.Debug|x64.ActiveCfg = Debug|Any CPU
		{00D28CF3-BB73-4FEB-B2DA-DFADB07A7462}.Debug|x64.Build.0 = Debug|Any CPU
		{00D28CF3-BB73-4FEB-B2DA-DFADB07A7462}.Debug|x86.ActiveCfg = Debug|Any CPU
		{00D28CF3-BB73-4FEB-B2DA-DFADB07A7462}.Debug|x86.Build.0 = Debug|Any CPU
		{00D28CF3-BB73-4FEB-B2DA-DFADB07A7462}.Release|Any CPU.ActiveCfg = Release|Any CPU
		{00D28CF3-BB73-4FEB-B2DA-DFADB07A7462}.Release|Any CPU.Build.0 = Release|Any CPU
		{00D28CF3-BB73-4FEB-B2DA-DFADB07A7462}.Release|ARM.ActiveCfg = Release|Any CPU
		{00D28CF3-BB73-4FEB-B2DA-DFADB07A7462}.Release|ARM.Build.0 = Release|Any CPU
		{00D28CF3-BB73-4FEB-B2DA-DFADB07A7462}.Release|ARM64.ActiveCfg = Release|Any CPU
		{00D28CF3-BB73-4FEB-B2DA-DFADB07A7462}.Release|ARM64.Build.0 = Release|Any CPU
		{00D28CF3-BB73-4FEB-B2DA-DFADB07A7462}.Release|x64.ActiveCfg = Release|Any CPU
		{00D28CF3-BB73-4FEB-B2DA-DFADB07A7462}.Release|x64.Build.0 = Release|Any CPU
		{00D28CF3-BB73-4FEB-B2DA-DFADB07A7462}.Release|x86.ActiveCfg = Release|Any CPU
		{00D28CF3-BB73-4FEB-B2DA-DFADB07A7462}.Release|x86.Build.0 = Release|Any CPU
		{39223B10-099F-4E78-A4C3-4F11178080A5}.Debug|Any CPU.ActiveCfg = Debug|Any CPU
		{39223B10-099F-4E78-A4C3-4F11178080A5}.Debug|Any CPU.Build.0 = Debug|Any CPU
		{39223B10-099F-4E78-A4C3-4F11178080A5}.Debug|ARM.ActiveCfg = Debug|Any CPU
		{39223B10-099F-4E78-A4C3-4F11178080A5}.Debug|ARM.Build.0 = Debug|Any CPU
		{39223B10-099F-4E78-A4C3-4F11178080A5}.Debug|ARM64.ActiveCfg = Debug|Any CPU
		{39223B10-099F-4E78-A4C3-4F11178080A5}.Debug|ARM64.Build.0 = Debug|Any CPU
		{39223B10-099F-4E78-A4C3-4F11178080A5}.Debug|x64.ActiveCfg = Debug|Any CPU
		{39223B10-099F-4E78-A4C3-4F11178080A5}.Debug|x64.Build.0 = Debug|Any CPU
		{39223B10-099F-4E78-A4C3-4F11178080A5}.Debug|x86.ActiveCfg = Debug|Any CPU
		{39223B10-099F-4E78-A4C3-4F11178080A5}.Debug|x86.Build.0 = Debug|Any CPU
		{39223B10-099F-4E78-A4C3-4F11178080A5}.Release|Any CPU.ActiveCfg = Release|Any CPU
		{39223B10-099F-4E78-A4C3-4F11178080A5}.Release|Any CPU.Build.0 = Release|Any CPU
		{39223B10-099F-4E78-A4C3-4F11178080A5}.Release|ARM.ActiveCfg = Release|Any CPU
		{39223B10-099F-4E78-A4C3-4F11178080A5}.Release|ARM.Build.0 = Release|Any CPU
		{39223B10-099F-4E78-A4C3-4F11178080A5}.Release|ARM64.ActiveCfg = Release|Any CPU
		{39223B10-099F-4E78-A4C3-4F11178080A5}.Release|ARM64.Build.0 = Release|Any CPU
		{39223B10-099F-4E78-A4C3-4F11178080A5}.Release|x64.ActiveCfg = Release|Any CPU
		{39223B10-099F-4E78-A4C3-4F11178080A5}.Release|x64.Build.0 = Release|Any CPU
		{39223B10-099F-4E78-A4C3-4F11178080A5}.Release|x86.ActiveCfg = Release|Any CPU
		{39223B10-099F-4E78-A4C3-4F11178080A5}.Release|x86.Build.0 = Release|Any CPU
		{5169497E-356C-4109-BA07-425F415C461D}.Debug|Any CPU.ActiveCfg = Debug|Any CPU
		{5169497E-356C-4109-BA07-425F415C461D}.Debug|Any CPU.Build.0 = Debug|Any CPU
		{5169497E-356C-4109-BA07-425F415C461D}.Debug|ARM.ActiveCfg = Debug|Any CPU
		{5169497E-356C-4109-BA07-425F415C461D}.Debug|ARM.Build.0 = Debug|Any CPU
		{5169497E-356C-4109-BA07-425F415C461D}.Debug|ARM64.ActiveCfg = Debug|Any CPU
		{5169497E-356C-4109-BA07-425F415C461D}.Debug|ARM64.Build.0 = Debug|Any CPU
		{5169497E-356C-4109-BA07-425F415C461D}.Debug|x64.ActiveCfg = Debug|Any CPU
		{5169497E-356C-4109-BA07-425F415C461D}.Debug|x64.Build.0 = Debug|Any CPU
		{5169497E-356C-4109-BA07-425F415C461D}.Debug|x86.ActiveCfg = Debug|Any CPU
		{5169497E-356C-4109-BA07-425F415C461D}.Debug|x86.Build.0 = Debug|Any CPU
		{5169497E-356C-4109-BA07-425F415C461D}.Release|Any CPU.ActiveCfg = Release|Any CPU
		{5169497E-356C-4109-BA07-425F415C461D}.Release|Any CPU.Build.0 = Release|Any CPU
		{5169497E-356C-4109-BA07-425F415C461D}.Release|ARM.ActiveCfg = Release|Any CPU
		{5169497E-356C-4109-BA07-425F415C461D}.Release|ARM.Build.0 = Release|Any CPU
		{5169497E-356C-4109-BA07-425F415C461D}.Release|ARM64.ActiveCfg = Release|Any CPU
		{5169497E-356C-4109-BA07-425F415C461D}.Release|ARM64.Build.0 = Release|Any CPU
		{5169497E-356C-4109-BA07-425F415C461D}.Release|x64.ActiveCfg = Release|Any CPU
		{5169497E-356C-4109-BA07-425F415C461D}.Release|x64.Build.0 = Release|Any CPU
		{5169497E-356C-4109-BA07-425F415C461D}.Release|x86.ActiveCfg = Release|Any CPU
		{5169497E-356C-4109-BA07-425F415C461D}.Release|x86.Build.0 = Release|Any CPU
		{33821363-7E9C-4DD3-AEE8-CCB9E698A783}.Debug|Any CPU.ActiveCfg = Debug|Any CPU
		{33821363-7E9C-4DD3-AEE8-CCB9E698A783}.Debug|Any CPU.Build.0 = Debug|Any CPU
		{33821363-7E9C-4DD3-AEE8-CCB9E698A783}.Debug|ARM.ActiveCfg = Debug|Any CPU
		{33821363-7E9C-4DD3-AEE8-CCB9E698A783}.Debug|ARM.Build.0 = Debug|Any CPU
		{33821363-7E9C-4DD3-AEE8-CCB9E698A783}.Debug|ARM64.ActiveCfg = Debug|Any CPU
		{33821363-7E9C-4DD3-AEE8-CCB9E698A783}.Debug|ARM64.Build.0 = Debug|Any CPU
		{33821363-7E9C-4DD3-AEE8-CCB9E698A783}.Debug|x64.ActiveCfg = Debug|Any CPU
		{33821363-7E9C-4DD3-AEE8-CCB9E698A783}.Debug|x64.Build.0 = Debug|Any CPU
		{33821363-7E9C-4DD3-AEE8-CCB9E698A783}.Debug|x86.ActiveCfg = Debug|Any CPU
		{33821363-7E9C-4DD3-AEE8-CCB9E698A783}.Debug|x86.Build.0 = Debug|Any CPU
		{33821363-7E9C-4DD3-AEE8-CCB9E698A783}.Release|Any CPU.ActiveCfg = Release|Any CPU
		{33821363-7E9C-4DD3-AEE8-CCB9E698A783}.Release|Any CPU.Build.0 = Release|Any CPU
		{33821363-7E9C-4DD3-AEE8-CCB9E698A783}.Release|ARM.ActiveCfg = Release|Any CPU
		{33821363-7E9C-4DD3-AEE8-CCB9E698A783}.Release|ARM.Build.0 = Release|Any CPU
		{33821363-7E9C-4DD3-AEE8-CCB9E698A783}.Release|ARM64.ActiveCfg = Release|Any CPU
		{33821363-7E9C-4DD3-AEE8-CCB9E698A783}.Release|ARM64.Build.0 = Release|Any CPU
		{33821363-7E9C-4DD3-AEE8-CCB9E698A783}.Release|x64.ActiveCfg = Release|Any CPU
		{33821363-7E9C-4DD3-AEE8-CCB9E698A783}.Release|x64.Build.0 = Release|Any CPU
		{33821363-7E9C-4DD3-AEE8-CCB9E698A783}.Release|x86.ActiveCfg = Release|Any CPU
		{33821363-7E9C-4DD3-AEE8-CCB9E698A783}.Release|x86.Build.0 = Release|Any CPU
		{39A62ED9-E51D-49D6-8981-6740F898F7FB}.Debug|Any CPU.ActiveCfg = Debug|Any CPU
		{39A62ED9-E51D-49D6-8981-6740F898F7FB}.Debug|Any CPU.Build.0 = Debug|Any CPU
		{39A62ED9-E51D-49D6-8981-6740F898F7FB}.Debug|ARM.ActiveCfg = Debug|Any CPU
		{39A62ED9-E51D-49D6-8981-6740F898F7FB}.Debug|ARM.Build.0 = Debug|Any CPU
		{39A62ED9-E51D-49D6-8981-6740F898F7FB}.Debug|ARM64.ActiveCfg = Debug|Any CPU
		{39A62ED9-E51D-49D6-8981-6740F898F7FB}.Debug|ARM64.Build.0 = Debug|Any CPU
		{39A62ED9-E51D-49D6-8981-6740F898F7FB}.Debug|x64.ActiveCfg = Debug|Any CPU
		{39A62ED9-E51D-49D6-8981-6740F898F7FB}.Debug|x64.Build.0 = Debug|Any CPU
		{39A62ED9-E51D-49D6-8981-6740F898F7FB}.Debug|x86.ActiveCfg = Debug|Any CPU
		{39A62ED9-E51D-49D6-8981-6740F898F7FB}.Debug|x86.Build.0 = Debug|Any CPU
		{39A62ED9-E51D-49D6-8981-6740F898F7FB}.Release|Any CPU.ActiveCfg = Release|Any CPU
		{39A62ED9-E51D-49D6-8981-6740F898F7FB}.Release|Any CPU.Build.0 = Release|Any CPU
		{39A62ED9-E51D-49D6-8981-6740F898F7FB}.Release|ARM.ActiveCfg = Release|Any CPU
		{39A62ED9-E51D-49D6-8981-6740F898F7FB}.Release|ARM.Build.0 = Release|Any CPU
		{39A62ED9-E51D-49D6-8981-6740F898F7FB}.Release|ARM64.ActiveCfg = Release|Any CPU
		{39A62ED9-E51D-49D6-8981-6740F898F7FB}.Release|ARM64.Build.0 = Release|Any CPU
		{39A62ED9-E51D-49D6-8981-6740F898F7FB}.Release|x64.ActiveCfg = Release|Any CPU
		{39A62ED9-E51D-49D6-8981-6740F898F7FB}.Release|x64.Build.0 = Release|Any CPU
		{39A62ED9-E51D-49D6-8981-6740F898F7FB}.Release|x86.ActiveCfg = Release|Any CPU
		{39A62ED9-E51D-49D6-8981-6740F898F7FB}.Release|x86.Build.0 = Release|Any CPU
		{5078C0C6-319B-4E14-9EC2-AD5619A22C4E}.Debug|Any CPU.ActiveCfg = Debug|Any CPU
		{5078C0C6-319B-4E14-9EC2-AD5619A22C4E}.Debug|Any CPU.Build.0 = Debug|Any CPU
		{5078C0C6-319B-4E14-9EC2-AD5619A22C4E}.Debug|ARM.ActiveCfg = Debug|Any CPU
		{5078C0C6-319B-4E14-9EC2-AD5619A22C4E}.Debug|ARM.Build.0 = Debug|Any CPU
		{5078C0C6-319B-4E14-9EC2-AD5619A22C4E}.Debug|ARM64.ActiveCfg = Debug|Any CPU
		{5078C0C6-319B-4E14-9EC2-AD5619A22C4E}.Debug|ARM64.Build.0 = Debug|Any CPU
		{5078C0C6-319B-4E14-9EC2-AD5619A22C4E}.Debug|x64.ActiveCfg = Debug|Any CPU
		{5078C0C6-319B-4E14-9EC2-AD5619A22C4E}.Debug|x64.Build.0 = Debug|Any CPU
		{5078C0C6-319B-4E14-9EC2-AD5619A22C4E}.Debug|x86.ActiveCfg = Debug|Any CPU
		{5078C0C6-319B-4E14-9EC2-AD5619A22C4E}.Debug|x86.Build.0 = Debug|Any CPU
		{5078C0C6-319B-4E14-9EC2-AD5619A22C4E}.Release|Any CPU.ActiveCfg = Release|Any CPU
		{5078C0C6-319B-4E14-9EC2-AD5619A22C4E}.Release|Any CPU.Build.0 = Release|Any CPU
		{5078C0C6-319B-4E14-9EC2-AD5619A22C4E}.Release|ARM.ActiveCfg = Release|Any CPU
		{5078C0C6-319B-4E14-9EC2-AD5619A22C4E}.Release|ARM.Build.0 = Release|Any CPU
		{5078C0C6-319B-4E14-9EC2-AD5619A22C4E}.Release|ARM64.ActiveCfg = Release|Any CPU
		{5078C0C6-319B-4E14-9EC2-AD5619A22C4E}.Release|ARM64.Build.0 = Release|Any CPU
		{5078C0C6-319B-4E14-9EC2-AD5619A22C4E}.Release|x64.ActiveCfg = Release|Any CPU
		{5078C0C6-319B-4E14-9EC2-AD5619A22C4E}.Release|x64.Build.0 = Release|Any CPU
		{5078C0C6-319B-4E14-9EC2-AD5619A22C4E}.Release|x86.ActiveCfg = Release|Any CPU
		{5078C0C6-319B-4E14-9EC2-AD5619A22C4E}.Release|x86.Build.0 = Release|Any CPU
		{23DA2B10-DF6D-4342-AE83-5F021A2A7B55}.Debug|Any CPU.ActiveCfg = Debug|Any CPU
		{23DA2B10-DF6D-4342-AE83-5F021A2A7B55}.Debug|Any CPU.Build.0 = Debug|Any CPU
		{23DA2B10-DF6D-4342-AE83-5F021A2A7B55}.Debug|ARM.ActiveCfg = Debug|Any CPU
		{23DA2B10-DF6D-4342-AE83-5F021A2A7B55}.Debug|ARM.Build.0 = Debug|Any CPU
		{23DA2B10-DF6D-4342-AE83-5F021A2A7B55}.Debug|ARM64.ActiveCfg = Debug|Any CPU
		{23DA2B10-DF6D-4342-AE83-5F021A2A7B55}.Debug|ARM64.Build.0 = Debug|Any CPU
		{23DA2B10-DF6D-4342-AE83-5F021A2A7B55}.Debug|x64.ActiveCfg = Debug|Any CPU
		{23DA2B10-DF6D-4342-AE83-5F021A2A7B55}.Debug|x64.Build.0 = Debug|Any CPU
		{23DA2B10-DF6D-4342-AE83-5F021A2A7B55}.Debug|x86.ActiveCfg = Debug|Any CPU
		{23DA2B10-DF6D-4342-AE83-5F021A2A7B55}.Debug|x86.Build.0 = Debug|Any CPU
		{23DA2B10-DF6D-4342-AE83-5F021A2A7B55}.Release|Any CPU.ActiveCfg = Release|Any CPU
		{23DA2B10-DF6D-4342-AE83-5F021A2A7B55}.Release|Any CPU.Build.0 = Release|Any CPU
		{23DA2B10-DF6D-4342-AE83-5F021A2A7B55}.Release|ARM.ActiveCfg = Release|Any CPU
		{23DA2B10-DF6D-4342-AE83-5F021A2A7B55}.Release|ARM.Build.0 = Release|Any CPU
		{23DA2B10-DF6D-4342-AE83-5F021A2A7B55}.Release|ARM64.ActiveCfg = Release|Any CPU
		{23DA2B10-DF6D-4342-AE83-5F021A2A7B55}.Release|ARM64.Build.0 = Release|Any CPU
		{23DA2B10-DF6D-4342-AE83-5F021A2A7B55}.Release|x64.ActiveCfg = Release|Any CPU
		{23DA2B10-DF6D-4342-AE83-5F021A2A7B55}.Release|x64.Build.0 = Release|Any CPU
		{23DA2B10-DF6D-4342-AE83-5F021A2A7B55}.Release|x86.ActiveCfg = Release|Any CPU
		{23DA2B10-DF6D-4342-AE83-5F021A2A7B55}.Release|x86.Build.0 = Release|Any CPU
		{3D4D322B-ABC3-4B28-A66F-2830985D4B6E}.Debug|Any CPU.ActiveCfg = Debug|Any CPU
		{3D4D322B-ABC3-4B28-A66F-2830985D4B6E}.Debug|Any CPU.Build.0 = Debug|Any CPU
		{3D4D322B-ABC3-4B28-A66F-2830985D4B6E}.Debug|ARM.ActiveCfg = Debug|Any CPU
		{3D4D322B-ABC3-4B28-A66F-2830985D4B6E}.Debug|ARM.Build.0 = Debug|Any CPU
		{3D4D322B-ABC3-4B28-A66F-2830985D4B6E}.Debug|ARM64.ActiveCfg = Debug|Any CPU
		{3D4D322B-ABC3-4B28-A66F-2830985D4B6E}.Debug|ARM64.Build.0 = Debug|Any CPU
		{3D4D322B-ABC3-4B28-A66F-2830985D4B6E}.Debug|x64.ActiveCfg = Debug|Any CPU
		{3D4D322B-ABC3-4B28-A66F-2830985D4B6E}.Debug|x64.Build.0 = Debug|Any CPU
		{3D4D322B-ABC3-4B28-A66F-2830985D4B6E}.Debug|x86.ActiveCfg = Debug|Any CPU
		{3D4D322B-ABC3-4B28-A66F-2830985D4B6E}.Debug|x86.Build.0 = Debug|Any CPU
		{3D4D322B-ABC3-4B28-A66F-2830985D4B6E}.Release|Any CPU.ActiveCfg = Release|Any CPU
		{3D4D322B-ABC3-4B28-A66F-2830985D4B6E}.Release|Any CPU.Build.0 = Release|Any CPU
		{3D4D322B-ABC3-4B28-A66F-2830985D4B6E}.Release|ARM.ActiveCfg = Release|Any CPU
		{3D4D322B-ABC3-4B28-A66F-2830985D4B6E}.Release|ARM.Build.0 = Release|Any CPU
		{3D4D322B-ABC3-4B28-A66F-2830985D4B6E}.Release|ARM64.ActiveCfg = Release|Any CPU
		{3D4D322B-ABC3-4B28-A66F-2830985D4B6E}.Release|ARM64.Build.0 = Release|Any CPU
		{3D4D322B-ABC3-4B28-A66F-2830985D4B6E}.Release|x64.ActiveCfg = Release|Any CPU
		{3D4D322B-ABC3-4B28-A66F-2830985D4B6E}.Release|x64.Build.0 = Release|Any CPU
		{3D4D322B-ABC3-4B28-A66F-2830985D4B6E}.Release|x86.ActiveCfg = Release|Any CPU
		{3D4D322B-ABC3-4B28-A66F-2830985D4B6E}.Release|x86.Build.0 = Release|Any CPU
	EndGlobalSection
	GlobalSection(SolutionProperties) = preSolution
		HideSolutionNode = FALSE
	EndGlobalSection
	GlobalSection(NestedProjects) = preSolution
		{33821363-7E9C-4DD3-AEE8-CCB9E698A783} = {27825E9E-4432-4282-81B3-A0800E190FB5}
		{5078C0C6-319B-4E14-9EC2-AD5619A22C4E} = {27825E9E-4432-4282-81B3-A0800E190FB5}
		{23DA2B10-DF6D-4342-AE83-5F021A2A7B55} = {27825E9E-4432-4282-81B3-A0800E190FB5}
		{3D4D322B-ABC3-4B28-A66F-2830985D4B6E} = {27825E9E-4432-4282-81B3-A0800E190FB5}
	EndGlobalSection
	GlobalSection(ExtensibilityGlobals) = postSolution
		SolutionGuid = {5A79D3EC-BA9F-48F2-82BF-42AC482BD246}
	EndGlobalSection
EndGlobal
